
Microsoft Visual Studio Solution File, Format Version 12.00
# Visual Studio Version 16
VisualStudioVersion = 16.0.30804.86
MinimumVisualStudioVersion = 10.0.40219.1
Project("{2150E333-8FDC-42A3-9474-1A3956D46DE8}") = "src", "src", "{886CFC97-31CF-42DE-874B-461BB26B6542}"
EndProject
Project("{2150E333-8FDC-42A3-9474-1A3956D46DE8}") = "Bulding Blocks", "Bulding Blocks", "{04BD10A6-3ADD-4707-BAC8-3FA3FF72E14D}"
EndProject
Project("{2150E333-8FDC-42A3-9474-1A3956D46DE8}") = "Services", "Services", "{EB277A43-434B-495D-884B-0AB4FC5986F7}"
EndProject
Project("{2150E333-8FDC-42A3-9474-1A3956D46DE8}") = "Identidade", "Identidade", "{F9F2B8D5-AFFE-4B9D-9709-FDF872213870}"
EndProject
Project("{9A19103F-16F7-4668-BE54-9A1E7A4F7556}") = "NSE.Identidade.API", "src\services\NSE.Identidade.API\NSE.Identidade.API.csproj", "{4F3B2EEC-A9B0-4483-A0BF-B02314680857}"
EndProject
Project("{2150E333-8FDC-42A3-9474-1A3956D46DE8}") = "Core", "Core", "{BB687985-0B11-41A7-B1CC-3A3478A8CA2A}"
EndProject
Project("{9A19103F-16F7-4668-BE54-9A1E7A4F7556}") = "NSE.Core", "src\building blocks\NSE.Core\NSE.Core.csproj", "{82B6CCCF-28F4-4274-AA24-6D278DA6EFBA}"
EndProject
Project("{2150E333-8FDC-42A3-9474-1A3956D46DE8}") = "Carrinho", "Carrinho", "{0E076622-9553-4C53-8420-8CB098C55B09}"
EndProject
Project("{2150E333-8FDC-42A3-9474-1A3956D46DE8}") = "Catalogo", "Catalogo", "{5F9D2146-24FE-49F7-9E2A-BAB5910482B4}"
EndProject
Project("{2150E333-8FDC-42A3-9474-1A3956D46DE8}") = "Cliente", "Cliente", "{78AFCA85-5DD9-4184-9FD7-2987C2FD3658}"
EndProject
Project("{2150E333-8FDC-42A3-9474-1A3956D46DE8}") = "Pagamento", "Pagamento", "{546FDB2E-21D3-4404-8BE9-A3B31C58B239}"
EndProject
Project("{2150E333-8FDC-42A3-9474-1A3956D46DE8}") = "Pedido", "Pedido", "{6043F666-D61E-4A34-A257-BC986A893AA8}"
EndProject
Project("{9A19103F-16F7-4668-BE54-9A1E7A4F7556}") = "NSE.Pagamentos.API", "src\services\NSE.Pagamento.API\NSE.Pagamentos.API.csproj", "{40339648-4195-421A-B2FF-90579845B991}"
EndProject
Project("{9A19103F-16F7-4668-BE54-9A1E7A4F7556}") = "NSE.Carrinho.API", "src\services\NSE.Carrinho.API\NSE.Carrinho.API.csproj", "{3C1C9A3A-7A4D-41FF-BEB0-73856C03CFAC}"
EndProject
Project("{9A19103F-16F7-4668-BE54-9A1E7A4F7556}") = "NSE.Cliente.API", "src\services\NSE.Cliente.API\NSE.Cliente.API.csproj", "{6E9AA199-A79D-4B96-BE75-740554FB02FE}"
EndProject
Project("{9A19103F-16F7-4668-BE54-9A1E7A4F7556}") = "NSE.Pedidos.API", "src\services\NSE.Pedido.API\NSE.Pedidos.API.csproj", "{AACCA8DC-310B-4CBF-942B-2F7696EC0F3D}"
	ProjectSection(ProjectDependencies) = postProject
		{503402CA-1DBF-4419-833E-4409046039A7} = {503402CA-1DBF-4419-833E-4409046039A7}
		{645ED7DF-A40C-43D0-9C4E-817C1E053503} = {645ED7DF-A40C-43D0-9C4E-817C1E053503}
	EndProjectSection
EndProject
Project("{9A19103F-16F7-4668-BE54-9A1E7A4F7556}") = "NSE.Catalogo.API", "src\services\NSE.Catalogo.API\NSE.Catalogo.API.csproj", "{EF1315B9-8B88-4505-8D77-76E982145230}"
EndProject
Project("{2150E333-8FDC-42A3-9474-1A3956D46DE8}") = "Services", "Services", "{1F789EB7-8C5E-4302-AC06-00C1A08D60CD}"
EndProject
Project("{9A19103F-16F7-4668-BE54-9A1E7A4F7556}") = "NSE.WEbApi.Core", "src\building blocks\NSE.WEbApi.Core\NSE.WEbApi.Core.csproj", "{645ED7DF-A40C-43D0-9C4E-817C1E053503}"
EndProject
Project("{2150E333-8FDC-42A3-9474-1A3956D46DE8}") = "MessageBus", "MessageBus", "{C673082B-30A2-4E00-B9B7-E98E6C883346}"
EndProject
Project("{9A19103F-16F7-4668-BE54-9A1E7A4F7556}") = "NSE.MessageBus", "src\building blocks\NSE.MessageBus\NSE.MessageBus.csproj", "{7E000188-2F34-41C4-9A84-763B1827B35D}"
EndProject
Project("{9A19103F-16F7-4668-BE54-9A1E7A4F7556}") = "NSE.WebApp.MVC", "src\web\NSE.WebApp.MVC\NSE.WebApp.MVC.csproj", "{AEADC610-7FA6-4610-8EE3-F20C319C75DB}"
EndProject
Project("{2150E333-8FDC-42A3-9474-1A3956D46DE8}") = "ApiGateways", "ApiGateways", "{A67640C7-B76C-4828-9106-FEF2D2656CE4}"
EndProject
Project("{2150E333-8FDC-42A3-9474-1A3956D46DE8}") = "Compras", "Compras", "{53CBC45E-838D-45FD-A705-07C91E7FC804}"
EndProject
Project("{9A19103F-16F7-4668-BE54-9A1E7A4F7556}") = "NSE.Bff.Compras", "src\api gateways\NSE.Bff.Compras\NSE.Bff.Compras.csproj", "{2DA4A4E4-268D-44A7-843A-9D144155F023}"
EndProject
Project("{9A19103F-16F7-4668-BE54-9A1E7A4F7556}") = "NSE.Pedidos.Infra", "src\services\NSE.Pedidos.Infra\NSE.Pedidos.Infra.csproj", "{0DF726C7-E121-4873-8D75-6BF5F869FF1C}"
EndProject
Project("{9A19103F-16F7-4668-BE54-9A1E7A4F7556}") = "NSE.Pedidos.Domain", "src\services\NSE.Pedidos.Domain\NSE.Pedidos.Domain.csproj", "{503402CA-1DBF-4419-833E-4409046039A7}"
EndProject
Project("{FAE04EC0-301F-11D3-BF4B-00C04F79EFBC}") = "NSE.Pagamentos.NerdsPag", "src\services\NSE.Pagamentos.NerdsPag\NSE.Pagamentos.NerdsPag.csproj", "{8AB0030D-794D-41D8-B1CC-76E79EFE6905}"
EndProject
Global
	GlobalSection(SolutionConfigurationPlatforms) = preSolution
		Debug|Any CPU = Debug|Any CPU
		Release|Any CPU = Release|Any CPU
	EndGlobalSection
	GlobalSection(ProjectConfigurationPlatforms) = postSolution
		{4F3B2EEC-A9B0-4483-A0BF-B02314680857}.Debug|Any CPU.ActiveCfg = Debug|Any CPU
		{4F3B2EEC-A9B0-4483-A0BF-B02314680857}.Debug|Any CPU.Build.0 = Debug|Any CPU
		{4F3B2EEC-A9B0-4483-A0BF-B02314680857}.Release|Any CPU.ActiveCfg = Release|Any CPU
		{4F3B2EEC-A9B0-4483-A0BF-B02314680857}.Release|Any CPU.Build.0 = Release|Any CPU
		{82B6CCCF-28F4-4274-AA24-6D278DA6EFBA}.Debug|Any CPU.ActiveCfg = Debug|Any CPU
		{82B6CCCF-28F4-4274-AA24-6D278DA6EFBA}.Debug|Any CPU.Build.0 = Debug|Any CPU
		{82B6CCCF-28F4-4274-AA24-6D278DA6EFBA}.Release|Any CPU.ActiveCfg = Release|Any CPU
		{82B6CCCF-28F4-4274-AA24-6D278DA6EFBA}.Release|Any CPU.Build.0 = Release|Any CPU
		{40339648-4195-421A-B2FF-90579845B991}.Debug|Any CPU.ActiveCfg = Debug|Any CPU
		{40339648-4195-421A-B2FF-90579845B991}.Debug|Any CPU.Build.0 = Debug|Any CPU
		{40339648-4195-421A-B2FF-90579845B991}.Release|Any CPU.ActiveCfg = Release|Any CPU
		{40339648-4195-421A-B2FF-90579845B991}.Release|Any CPU.Build.0 = Release|Any CPU
		{3C1C9A3A-7A4D-41FF-BEB0-73856C03CFAC}.Debug|Any CPU.ActiveCfg = Debug|Any CPU
		{3C1C9A3A-7A4D-41FF-BEB0-73856C03CFAC}.Debug|Any CPU.Build.0 = Debug|Any CPU
		{3C1C9A3A-7A4D-41FF-BEB0-73856C03CFAC}.Release|Any CPU.ActiveCfg = Release|Any CPU
		{3C1C9A3A-7A4D-41FF-BEB0-73856C03CFAC}.Release|Any CPU.Build.0 = Release|Any CPU
		{6E9AA199-A79D-4B96-BE75-740554FB02FE}.Debug|Any CPU.ActiveCfg = Debug|Any CPU
		{6E9AA199-A79D-4B96-BE75-740554FB02FE}.Debug|Any CPU.Build.0 = Debug|Any CPU
		{6E9AA199-A79D-4B96-BE75-740554FB02FE}.Release|Any CPU.ActiveCfg = Release|Any CPU
		{6E9AA199-A79D-4B96-BE75-740554FB02FE}.Release|Any CPU.Build.0 = Release|Any CPU
		{AACCA8DC-310B-4CBF-942B-2F7696EC0F3D}.Debug|Any CPU.ActiveCfg = Debug|Any CPU
		{AACCA8DC-310B-4CBF-942B-2F7696EC0F3D}.Debug|Any CPU.Build.0 = Debug|Any CPU
		{AACCA8DC-310B-4CBF-942B-2F7696EC0F3D}.Release|Any CPU.ActiveCfg = Release|Any CPU
		{AACCA8DC-310B-4CBF-942B-2F7696EC0F3D}.Release|Any CPU.Build.0 = Release|Any CPU
		{EF1315B9-8B88-4505-8D77-76E982145230}.Debug|Any CPU.ActiveCfg = Debug|Any CPU
		{EF1315B9-8B88-4505-8D77-76E982145230}.Debug|Any CPU.Build.0 = Debug|Any CPU
		{EF1315B9-8B88-4505-8D77-76E982145230}.Release|Any CPU.ActiveCfg = Release|Any CPU
		{EF1315B9-8B88-4505-8D77-76E982145230}.Release|Any CPU.Build.0 = Release|Any CPU
		{645ED7DF-A40C-43D0-9C4E-817C1E053503}.Debug|Any CPU.ActiveCfg = Debug|Any CPU
		{645ED7DF-A40C-43D0-9C4E-817C1E053503}.Debug|Any CPU.Build.0 = Debug|Any CPU
		{645ED7DF-A40C-43D0-9C4E-817C1E053503}.Release|Any CPU.ActiveCfg = Release|Any CPU
		{645ED7DF-A40C-43D0-9C4E-817C1E053503}.Release|Any CPU.Build.0 = Release|Any CPU
		{7E000188-2F34-41C4-9A84-763B1827B35D}.Debug|Any CPU.ActiveCfg = Debug|Any CPU
		{7E000188-2F34-41C4-9A84-763B1827B35D}.Debug|Any CPU.Build.0 = Debug|Any CPU
		{7E000188-2F34-41C4-9A84-763B1827B35D}.Release|Any CPU.ActiveCfg = Release|Any CPU
		{7E000188-2F34-41C4-9A84-763B1827B35D}.Release|Any CPU.Build.0 = Release|Any CPU
		{AEADC610-7FA6-4610-8EE3-F20C319C75DB}.Debug|Any CPU.ActiveCfg = Debug|Any CPU
		{AEADC610-7FA6-4610-8EE3-F20C319C75DB}.Debug|Any CPU.Build.0 = Debug|Any CPU
		{AEADC610-7FA6-4610-8EE3-F20C319C75DB}.Release|Any CPU.ActiveCfg = Release|Any CPU
		{AEADC610-7FA6-4610-8EE3-F20C319C75DB}.Release|Any CPU.Build.0 = Release|Any CPU
		{2DA4A4E4-268D-44A7-843A-9D144155F023}.Debug|Any CPU.ActiveCfg = Debug|Any CPU
		{2DA4A4E4-268D-44A7-843A-9D144155F023}.Debug|Any CPU.Build.0 = Debug|Any CPU
		{2DA4A4E4-268D-44A7-843A-9D144155F023}.Release|Any CPU.ActiveCfg = Release|Any CPU
		{2DA4A4E4-268D-44A7-843A-9D144155F023}.Release|Any CPU.Build.0 = Release|Any CPU
		{0DF726C7-E121-4873-8D75-6BF5F869FF1C}.Debug|Any CPU.ActiveCfg = Debug|Any CPU
		{0DF726C7-E121-4873-8D75-6BF5F869FF1C}.Debug|Any CPU.Build.0 = Debug|Any CPU
		{0DF726C7-E121-4873-8D75-6BF5F869FF1C}.Release|Any CPU.ActiveCfg = Release|Any CPU
		{0DF726C7-E121-4873-8D75-6BF5F869FF1C}.Release|Any CPU.Build.0 = Release|Any CPU
		{503402CA-1DBF-4419-833E-4409046039A7}.Debug|Any CPU.ActiveCfg = Debug|Any CPU
		{503402CA-1DBF-4419-833E-4409046039A7}.Debug|Any CPU.Build.0 = Debug|Any CPU
		{503402CA-1DBF-4419-833E-4409046039A7}.Release|Any CPU.ActiveCfg = Release|Any CPU
		{503402CA-1DBF-4419-833E-4409046039A7}.Release|Any CPU.Build.0 = Release|Any CPU
		{8AB0030D-794D-41D8-B1CC-76E79EFE6905}.Debug|Any CPU.ActiveCfg = Debug|Any CPU
		{8AB0030D-794D-41D8-B1CC-76E79EFE6905}.Debug|Any CPU.Build.0 = Debug|Any CPU
		{8AB0030D-794D-41D8-B1CC-76E79EFE6905}.Release|Any CPU.ActiveCfg = Release|Any CPU
		{8AB0030D-794D-41D8-B1CC-76E79EFE6905}.Release|Any CPU.Build.0 = Release|Any CPU
	EndGlobalSection
	GlobalSection(SolutionProperties) = preSolution
		HideSolutionNode = FALSE
	EndGlobalSection
	GlobalSection(NestedProjects) = preSolution
		{04BD10A6-3ADD-4707-BAC8-3FA3FF72E14D} = {886CFC97-31CF-42DE-874B-461BB26B6542}
		{EB277A43-434B-495D-884B-0AB4FC5986F7} = {886CFC97-31CF-42DE-874B-461BB26B6542}
		{F9F2B8D5-AFFE-4B9D-9709-FDF872213870} = {EB277A43-434B-495D-884B-0AB4FC5986F7}
		{4F3B2EEC-A9B0-4483-A0BF-B02314680857} = {F9F2B8D5-AFFE-4B9D-9709-FDF872213870}
		{BB687985-0B11-41A7-B1CC-3A3478A8CA2A} = {04BD10A6-3ADD-4707-BAC8-3FA3FF72E14D}
		{82B6CCCF-28F4-4274-AA24-6D278DA6EFBA} = {BB687985-0B11-41A7-B1CC-3A3478A8CA2A}
		{0E076622-9553-4C53-8420-8CB098C55B09} = {EB277A43-434B-495D-884B-0AB4FC5986F7}
		{5F9D2146-24FE-49F7-9E2A-BAB5910482B4} = {EB277A43-434B-495D-884B-0AB4FC5986F7}
		{78AFCA85-5DD9-4184-9FD7-2987C2FD3658} = {EB277A43-434B-495D-884B-0AB4FC5986F7}
		{546FDB2E-21D3-4404-8BE9-A3B31C58B239} = {EB277A43-434B-495D-884B-0AB4FC5986F7}
		{6043F666-D61E-4A34-A257-BC986A893AA8} = {EB277A43-434B-495D-884B-0AB4FC5986F7}
		{40339648-4195-421A-B2FF-90579845B991} = {546FDB2E-21D3-4404-8BE9-A3B31C58B239}
		{3C1C9A3A-7A4D-41FF-BEB0-73856C03CFAC} = {0E076622-9553-4C53-8420-8CB098C55B09}
		{6E9AA199-A79D-4B96-BE75-740554FB02FE} = {78AFCA85-5DD9-4184-9FD7-2987C2FD3658}
		{AACCA8DC-310B-4CBF-942B-2F7696EC0F3D} = {6043F666-D61E-4A34-A257-BC986A893AA8}
		{EF1315B9-8B88-4505-8D77-76E982145230} = {5F9D2146-24FE-49F7-9E2A-BAB5910482B4}
		{1F789EB7-8C5E-4302-AC06-00C1A08D60CD} = {04BD10A6-3ADD-4707-BAC8-3FA3FF72E14D}
		{645ED7DF-A40C-43D0-9C4E-817C1E053503} = {1F789EB7-8C5E-4302-AC06-00C1A08D60CD}
		{C673082B-30A2-4E00-B9B7-E98E6C883346} = {04BD10A6-3ADD-4707-BAC8-3FA3FF72E14D}
		{7E000188-2F34-41C4-9A84-763B1827B35D} = {C673082B-30A2-4E00-B9B7-E98E6C883346}
		{A67640C7-B76C-4828-9106-FEF2D2656CE4} = {886CFC97-31CF-42DE-874B-461BB26B6542}
		{53CBC45E-838D-45FD-A705-07C91E7FC804} = {A67640C7-B76C-4828-9106-FEF2D2656CE4}
		{2DA4A4E4-268D-44A7-843A-9D144155F023} = {53CBC45E-838D-45FD-A705-07C91E7FC804}
		{0DF726C7-E121-4873-8D75-6BF5F869FF1C} = {6043F666-D61E-4A34-A257-BC986A893AA8}
		{503402CA-1DBF-4419-833E-4409046039A7} = {6043F666-D61E-4A34-A257-BC986A893AA8}
		{8AB0030D-794D-41D8-B1CC-76E79EFE6905} = {546FDB2E-21D3-4404-8BE9-A3B31C58B239}
	EndGlobalSection
	GlobalSection(ExtensibilityGlobals) = postSolution
		SolutionGuid = {43AB262D-30B8-4966-A6EC-2BBDE17F76B9}
	EndGlobalSection
EndGlobal
